
Microsoft Visual Studio Solution File, Format Version 12.00
# Visual Studio Version 17
VisualStudioVersion = 17.4.33103.184
MinimumVisualStudioVersion = 10.0.40219.1
Project("{FAE04EC0-301F-11D3-BF4B-00C04F79EFBC}") = "texthome", "texthome.csproj", "{DDF1AAF8-0E7E-4E82-A5B8-328FAFA71D7C}"
EndProject
Global
	GlobalSection(SolutionConfigurationPlatforms) = preSolution
		Debug|Any CPU = Debug|Any CPU
		Release|Any CPU = Release|Any CPU
	EndGlobalSection
	GlobalSection(ProjectConfigurationPlatforms) = postSolution
		{DDF1AAF8-0E7E-4E82-A5B8-328FAFA71D7C}.Debug|Any CPU.ActiveCfg = Debug|Any CPU
		{DDF1AAF8-0E7E-4E82-A5B8-328FAFA71D7C}.Debug|Any CPU.Build.0 = Debug|Any CPU
		{DDF1AAF8-0E7E-4E82-A5B8-328FAFA71D7C}.Release|Any CPU.ActiveCfg = Release|Any CPU
		{DDF1AAF8-0E7E-4E82-A5B8-328FAFA71D7C}.Release|Any CPU.Build.0 = Release|Any CPU
	EndGlobalSection
	GlobalSection(SolutionProperties) = preSolution
		HideSolutionNode = FALSE
	EndGlobalSection
	GlobalSection(ExtensibilityGlobals) = postSolution
		SolutionGuid = {87A12C3B-EB96-43E1-8B2B-C58EEBE8E9CE}
	EndGlobalSection
EndGlobal
